// !$*UTF8*$!
{
	archiveVersion = 1;
	classes = {
	};
	objectVersion = 45;
	objects = {

/* Begin PBXBuildFile section */
		1D3623260D0F684500981E51 /* VarizAppDelegate.m in Sources */ = {isa = PBXBuildFile; fileRef = 1D3623250D0F684500981E51 /* VarizAppDelegate.m */; };
		1D60589B0D05DD56006BFB54 /* main.m in Sources */ = {isa = PBXBuildFile; fileRef = 29B97316FDCFA39411CA2CEA /* main.m */; };
		1D60589F0D05DD5A006BFB54 /* Foundation.framework in Frameworks */ = {isa = PBXBuildFile; fileRef = 1D30AB110D05D00D00671497 /* Foundation.framework */; };
		1DF5F4E00D08C38300B7A737 /* UIKit.framework in Frameworks */ = {isa = PBXBuildFile; fileRef = 1DF5F4DF0D08C38300B7A737 /* UIKit.framework */; };
		288765A50DF7441C002DB57D /* CoreGraphics.framework in Frameworks */ = {isa = PBXBuildFile; fileRef = 288765A40DF7441C002DB57D /* CoreGraphics.framework */; };
		2899E5220DE3E06400AC0155 /* VarizViewController.xib in Resources */ = {isa = PBXBuildFile; fileRef = 2899E5210DE3E06400AC0155 /* VarizViewController.xib */; };
		28AD733F0D9D9553002E5188 /* MainWindow.xib in Resources */ = {isa = PBXBuildFile; fileRef = 28AD733E0D9D9553002E5188 /* MainWindow.xib */; };
		28D7ACF80DDB3853001CB0EB /* VarizViewController.m in Sources */ = {isa = PBXBuildFile; fileRef = 28D7ACF70DDB3853001CB0EB /* VarizViewController.m */; };
		B76DCEEF100A9FAF00D93573 /* Fortune_cookie.png in Resources */ = {isa = PBXBuildFile; fileRef = B76DCEEE100A9FAF00D93573 /* Fortune_cookie.png */; };
		B7E33B11101226AA00F9C388 /* back-blue-75-1.png in Resources */ = {isa = PBXBuildFile; fileRef = B7E33AD5101226AA00F9C388 /* back-blue-75-1.png */; };
		B7E33B12101226AA00F9C388 /* back-blue-75-2.png in Resources */ = {isa = PBXBuildFile; fileRef = B7E33AD6101226AA00F9C388 /* back-blue-75-2.png */; };
		B7E33B13101226AA00F9C388 /* back-blue-75-3.png in Resources */ = {isa = PBXBuildFile; fileRef = B7E33AD7101226AA00F9C388 /* back-blue-75-3.png */; };
		B7E33B14101226AA00F9C388 /* back-red-75-1.png in Resources */ = {isa = PBXBuildFile; fileRef = B7E33AD8101226AA00F9C388 /* back-red-75-1.png */; };
		B7E33B15101226AA00F9C388 /* back-red-75-2.png in Resources */ = {isa = PBXBuildFile; fileRef = B7E33AD9101226AA00F9C388 /* back-red-75-2.png */; };
		B7E33B16101226AA00F9C388 /* back-red-75-3.png in Resources */ = {isa = PBXBuildFile; fileRef = B7E33ADA101226AA00F9C388 /* back-red-75-3.png */; };
		B7E33B17101226AA00F9C388 /* clubs-10-75.png in Resources */ = {isa = PBXBuildFile; fileRef = B7E33ADB101226AA00F9C388 /* clubs-10-75.png */; };
		B7E33B18101226AA00F9C388 /* clubs-2-75.png in Resources */ = {isa = PBXBuildFile; fileRef = B7E33ADC101226AA00F9C388 /* clubs-2-75.png */; };
		B7E33B19101226AA00F9C388 /* clubs-3-75.png in Resources */ = {isa = PBXBuildFile; fileRef = B7E33ADD101226AA00F9C388 /* clubs-3-75.png */; };
		B7E33B1A101226AA00F9C388 /* clubs-4-75.png in Resources */ = {isa = PBXBuildFile; fileRef = B7E33ADE101226AA00F9C388 /* clubs-4-75.png */; };
		B7E33B1B101226AA00F9C388 /* clubs-5-75.png in Resources */ = {isa = PBXBuildFile; fileRef = B7E33ADF101226AA00F9C388 /* clubs-5-75.png */; };
		B7E33B1C101226AA00F9C388 /* clubs-6-75.png in Resources */ = {isa = PBXBuildFile; fileRef = B7E33AE0101226AA00F9C388 /* clubs-6-75.png */; };
		B7E33B1D101226AA00F9C388 /* clubs-7-75.png in Resources */ = {isa = PBXBuildFile; fileRef = B7E33AE1101226AA00F9C388 /* clubs-7-75.png */; };
		B7E33B1E101226AA00F9C388 /* clubs-8-75.png in Resources */ = {isa = PBXBuildFile; fileRef = B7E33AE2101226AA00F9C388 /* clubs-8-75.png */; };
		B7E33B1F101226AA00F9C388 /* clubs-9-75.png in Resources */ = {isa = PBXBuildFile; fileRef = B7E33AE3101226AA00F9C388 /* clubs-9-75.png */; };
		B7E33B20101226AA00F9C388 /* clubs-a-75.png in Resources */ = {isa = PBXBuildFile; fileRef = B7E33AE4101226AA00F9C388 /* clubs-a-75.png */; };
		B7E33B21101226AA00F9C388 /* clubs-j-75.png in Resources */ = {isa = PBXBuildFile; fileRef = B7E33AE5101226AA00F9C388 /* clubs-j-75.png */; };
		B7E33B22101226AA00F9C388 /* clubs-k-75.png in Resources */ = {isa = PBXBuildFile; fileRef = B7E33AE6101226AA00F9C388 /* clubs-k-75.png */; };
		B7E33B23101226AA00F9C388 /* clubs-q-75.png in Resources */ = {isa = PBXBuildFile; fileRef = B7E33AE7101226AA00F9C388 /* clubs-q-75.png */; };
		B7E33B24101226AA00F9C388 /* diamonds-10-75.png in Resources */ = {isa = PBXBuildFile; fileRef = B7E33AE8101226AA00F9C388 /* diamonds-10-75.png */; };
		B7E33B25101226AA00F9C388 /* diamonds-2-75.png in Resources */ = {isa = PBXBuildFile; fileRef = B7E33AE9101226AA00F9C388 /* diamonds-2-75.png */; };
		B7E33B26101226AA00F9C388 /* diamonds-3-75.png in Resources */ = {isa = PBXBuildFile; fileRef = B7E33AEA101226AA00F9C388 /* diamonds-3-75.png */; };
		B7E33B27101226AA00F9C388 /* diamonds-4-75.png in Resources */ = {isa = PBXBuildFile; fileRef = B7E33AEB101226AA00F9C388 /* diamonds-4-75.png */; };
		B7E33B28101226AA00F9C388 /* diamonds-5-75.png in Resources */ = {isa = PBXBuildFile; fileRef = B7E33AEC101226AA00F9C388 /* diamonds-5-75.png */; };
		B7E33B29101226AA00F9C388 /* diamonds-6-75.png in Resources */ = {isa = PBXBuildFile; fileRef = B7E33AED101226AA00F9C388 /* diamonds-6-75.png */; };
		B7E33B2A101226AA00F9C388 /* diamonds-7-75.png in Resources */ = {isa = PBXBuildFile; fileRef = B7E33AEE101226AA00F9C388 /* diamonds-7-75.png */; };
		B7E33B2B101226AA00F9C388 /* diamonds-8-75.png in Resources */ = {isa = PBXBuildFile; fileRef = B7E33AEF101226AA00F9C388 /* diamonds-8-75.png */; };
		B7E33B2C101226AA00F9C388 /* diamonds-9-75.png in Resources */ = {isa = PBXBuildFile; fileRef = B7E33AF0101226AA00F9C388 /* diamonds-9-75.png */; };
		B7E33B2D101226AA00F9C388 /* diamonds-a-75.png in Resources */ = {isa = PBXBuildFile; fileRef = B7E33AF1101226AA00F9C388 /* diamonds-a-75.png */; };
		B7E33B2E101226AA00F9C388 /* diamonds-j-75.png in Resources */ = {isa = PBXBuildFile; fileRef = B7E33AF2101226AA00F9C388 /* diamonds-j-75.png */; };
		B7E33B2F101226AA00F9C388 /* diamonds-k-75.png in Resources */ = {isa = PBXBuildFile; fileRef = B7E33AF3101226AA00F9C388 /* diamonds-k-75.png */; };
		B7E33B30101226AA00F9C388 /* diamonds-q-75.png in Resources */ = {isa = PBXBuildFile; fileRef = B7E33AF4101226AA00F9C388 /* diamonds-q-75.png */; };
		B7E33B31101226AA00F9C388 /* hearts-10-75.png in Resources */ = {isa = PBXBuildFile; fileRef = B7E33AF5101226AA00F9C388 /* hearts-10-75.png */; };
		B7E33B32101226AA00F9C388 /* hearts-2-75.png in Resources */ = {isa = PBXBuildFile; fileRef = B7E33AF6101226AA00F9C388 /* hearts-2-75.png */; };
		B7E33B33101226AA00F9C388 /* hearts-3-75.png in Resources */ = {isa = PBXBuildFile; fileRef = B7E33AF7101226AA00F9C388 /* hearts-3-75.png */; };
		B7E33B34101226AA00F9C388 /* hearts-4-75.png in Resources */ = {isa = PBXBuildFile; fileRef = B7E33AF8101226AA00F9C388 /* hearts-4-75.png */; };
		B7E33B35101226AA00F9C388 /* hearts-5-75.png in Resources */ = {isa = PBXBuildFile; fileRef = B7E33AF9101226AA00F9C388 /* hearts-5-75.png */; };
		B7E33B36101226AA00F9C388 /* hearts-6-75.png in Resources */ = {isa = PBXBuildFile; fileRef = B7E33AFA101226AA00F9C388 /* hearts-6-75.png */; };
		B7E33B37101226AA00F9C388 /* hearts-7-75.png in Resources */ = {isa = PBXBuildFile; fileRef = B7E33AFB101226AA00F9C388 /* hearts-7-75.png */; };
		B7E33B38101226AA00F9C388 /* hearts-8-75.png in Resources */ = {isa = PBXBuildFile; fileRef = B7E33AFC101226AA00F9C388 /* hearts-8-75.png */; };
		B7E33B39101226AA00F9C388 /* hearts-9-75.png in Resources */ = {isa = PBXBuildFile; fileRef = B7E33AFD101226AA00F9C388 /* hearts-9-75.png */; };
		B7E33B3A101226AA00F9C388 /* hearts-a-75.png in Resources */ = {isa = PBXBuildFile; fileRef = B7E33AFE101226AA00F9C388 /* hearts-a-75.png */; };
		B7E33B3B101226AA00F9C388 /* hearts-j-75.png in Resources */ = {isa = PBXBuildFile; fileRef = B7E33AFF101226AA00F9C388 /* hearts-j-75.png */; };
		B7E33B3C101226AA00F9C388 /* hearts-k-75.png in Resources */ = {isa = PBXBuildFile; fileRef = B7E33B00101226AA00F9C388 /* hearts-k-75.png */; };
		B7E33B3D101226AA00F9C388 /* hearts-q-75.png in Resources */ = {isa = PBXBuildFile; fileRef = B7E33B01101226AA00F9C388 /* hearts-q-75.png */; };
		B7E33B3E101226AA00F9C388 /* joker-b-75.png in Resources */ = {isa = PBXBuildFile; fileRef = B7E33B02101226AA00F9C388 /* joker-b-75.png */; };
		B7E33B3F101226AA00F9C388 /* joker-r-75.png in Resources */ = {isa = PBXBuildFile; fileRef = B7E33B03101226AA00F9C388 /* joker-r-75.png */; };
		B7E33B40101226AA00F9C388 /* spades-10-75.png in Resources */ = {isa = PBXBuildFile; fileRef = B7E33B04101226AA00F9C388 /* spades-10-75.png */; };
		B7E33B41101226AA00F9C388 /* spades-2-75.png in Resources */ = {isa = PBXBuildFile; fileRef = B7E33B05101226AA00F9C388 /* spades-2-75.png */; };
		B7E33B42101226AA00F9C388 /* spades-3-75.png in Resources */ = {isa = PBXBuildFile; fileRef = B7E33B06101226AA00F9C388 /* spades-3-75.png */; };
		B7E33B43101226AA00F9C388 /* spades-4-75.png in Resources */ = {isa = PBXBuildFile; fileRef = B7E33B07101226AA00F9C388 /* spades-4-75.png */; };
		B7E33B44101226AA00F9C388 /* spades-5-75.png in Resources */ = {isa = PBXBuildFile; fileRef = B7E33B08101226AA00F9C388 /* spades-5-75.png */; };
		B7E33B45101226AA00F9C388 /* spades-6-75.png in Resources */ = {isa = PBXBuildFile; fileRef = B7E33B09101226AA00F9C388 /* spades-6-75.png */; };
		B7E33B46101226AA00F9C388 /* spades-7-75.png in Resources */ = {isa = PBXBuildFile; fileRef = B7E33B0A101226AA00F9C388 /* spades-7-75.png */; };
		B7E33B47101226AA00F9C388 /* spades-8-75.png in Resources */ = {isa = PBXBuildFile; fileRef = B7E33B0B101226AA00F9C388 /* spades-8-75.png */; };
		B7E33B48101226AA00F9C388 /* spades-9-75.png in Resources */ = {isa = PBXBuildFile; fileRef = B7E33B0C101226AA00F9C388 /* spades-9-75.png */; };
		B7E33B49101226AA00F9C388 /* spades-a-75.png in Resources */ = {isa = PBXBuildFile; fileRef = B7E33B0D101226AA00F9C388 /* spades-a-75.png */; };
		B7E33B4A101226AA00F9C388 /* spades-j-75.png in Resources */ = {isa = PBXBuildFile; fileRef = B7E33B0E101226AA00F9C388 /* spades-j-75.png */; };
		B7E33B4B101226AA00F9C388 /* spades-k-75.png in Resources */ = {isa = PBXBuildFile; fileRef = B7E33B0F101226AA00F9C388 /* spades-k-75.png */; };
		B7E33B4C101226AA00F9C388 /* spades-q-75.png in Resources */ = {isa = PBXBuildFile; fileRef = B7E33B10101226AA00F9C388 /* spades-q-75.png */; };
		B7E33B4F1012278800F9C388 /* CardView.m in Sources */ = {isa = PBXBuildFile; fileRef = B7E33B4E1012278800F9C388 /* CardView.m */; };
/* End PBXBuildFile section */

/* Begin PBXFileReference section */
		1D30AB110D05D00D00671497 /* Foundation.framework */ = {isa = PBXFileReference; lastKnownFileType = wrapper.framework; name = Foundation.framework; path = System/Library/Frameworks/Foundation.framework; sourceTree = SDKROOT; };
		1D3623240D0F684500981E51 /* VarizAppDelegate.h */ = {isa = PBXFileReference; fileEncoding = 4; lastKnownFileType = sourcecode.c.h; path = VarizAppDelegate.h; sourceTree = "<group>"; };
		1D3623250D0F684500981E51 /* VarizAppDelegate.m */ = {isa = PBXFileReference; fileEncoding = 4; lastKnownFileType = sourcecode.c.objc; path = VarizAppDelegate.m; sourceTree = "<group>"; };
		1D6058910D05DD3D006BFB54 /* Variz.app */ = {isa = PBXFileReference; explicitFileType = wrapper.application; includeInIndex = 0; path = Variz.app; sourceTree = BUILT_PRODUCTS_DIR; };
		1DF5F4DF0D08C38300B7A737 /* UIKit.framework */ = {isa = PBXFileReference; lastKnownFileType = wrapper.framework; name = UIKit.framework; path = System/Library/Frameworks/UIKit.framework; sourceTree = SDKROOT; };
		288765A40DF7441C002DB57D /* CoreGraphics.framework */ = {isa = PBXFileReference; lastKnownFileType = wrapper.framework; name = CoreGraphics.framework; path = System/Library/Frameworks/CoreGraphics.framework; sourceTree = SDKROOT; };
		2899E5210DE3E06400AC0155 /* VarizViewController.xib */ = {isa = PBXFileReference; lastKnownFileType = file.xib; path = VarizViewController.xib; sourceTree = "<group>"; };
		28AD733E0D9D9553002E5188 /* MainWindow.xib */ = {isa = PBXFileReference; lastKnownFileType = file.xib; path = MainWindow.xib; sourceTree = "<group>"; };
		28D7ACF60DDB3853001CB0EB /* VarizViewController.h */ = {isa = PBXFileReference; fileEncoding = 4; lastKnownFileType = sourcecode.c.h; path = VarizViewController.h; sourceTree = "<group>"; };
		28D7ACF70DDB3853001CB0EB /* VarizViewController.m */ = {isa = PBXFileReference; fileEncoding = 4; lastKnownFileType = sourcecode.c.objc; path = VarizViewController.m; sourceTree = "<group>"; };
		29B97316FDCFA39411CA2CEA /* main.m */ = {isa = PBXFileReference; fileEncoding = 4; lastKnownFileType = sourcecode.c.objc; path = main.m; sourceTree = "<group>"; };
		32CA4F630368D1EE00C91783 /* Variz_Prefix.pch */ = {isa = PBXFileReference; fileEncoding = 4; lastKnownFileType = sourcecode.c.h; path = Variz_Prefix.pch; sourceTree = "<group>"; };
		8D1107310486CEB800E47090 /* Info.plist */ = {isa = PBXFileReference; fileEncoding = 4; lastKnownFileType = text.plist.xml; path = Info.plist; sourceTree = "<group>"; };
		B76DCEEE100A9FAF00D93573 /* Fortune_cookie.png */ = {isa = PBXFileReference; lastKnownFileType = image.png; name = Fortune_cookie.png; path = ../../Desktop/Fortune_cookie.png; sourceTree = SOURCE_ROOT; };
		B7E33AD5101226AA00F9C388 /* back-blue-75-1.png */ = {isa = PBXFileReference; lastKnownFileType = image.png; path = "back-blue-75-1.png"; sourceTree = "<group>"; };
		B7E33AD6101226AA00F9C388 /* back-blue-75-2.png */ = {isa = PBXFileReference; lastKnownFileType = image.png; path = "back-blue-75-2.png"; sourceTree = "<group>"; };
		B7E33AD7101226AA00F9C388 /* back-blue-75-3.png */ = {isa = PBXFileReference; lastKnownFileType = image.png; path = "back-blue-75-3.png"; sourceTree = "<group>"; };
		B7E33AD8101226AA00F9C388 /* back-red-75-1.png */ = {isa = PBXFileReference; lastKnownFileType = image.png; path = "back-red-75-1.png"; sourceTree = "<group>"; };
		B7E33AD9101226AA00F9C388 /* back-red-75-2.png */ = {isa = PBXFileReference; lastKnownFileType = image.png; path = "back-red-75-2.png"; sourceTree = "<group>"; };
		B7E33ADA101226AA00F9C388 /* back-red-75-3.png */ = {isa = PBXFileReference; lastKnownFileType = image.png; path = "back-red-75-3.png"; sourceTree = "<group>"; };
		B7E33ADB101226AA00F9C388 /* clubs-10-75.png */ = {isa = PBXFileReference; lastKnownFileType = image.png; path = "clubs-10-75.png"; sourceTree = "<group>"; };
		B7E33ADC101226AA00F9C388 /* clubs-2-75.png */ = {isa = PBXFileReference; lastKnownFileType = image.png; path = "clubs-2-75.png"; sourceTree = "<group>"; };
		B7E33ADD101226AA00F9C388 /* clubs-3-75.png */ = {isa = PBXFileReference; lastKnownFileType = image.png; path = "clubs-3-75.png"; sourceTree = "<group>"; };
		B7E33ADE101226AA00F9C388 /* clubs-4-75.png */ = {isa = PBXFileReference; lastKnownFileType = image.png; path = "clubs-4-75.png"; sourceTree = "<group>"; };
		B7E33ADF101226AA00F9C388 /* clubs-5-75.png */ = {isa = PBXFileReference; lastKnownFileType = image.png; path = "clubs-5-75.png"; sourceTree = "<group>"; };
		B7E33AE0101226AA00F9C388 /* clubs-6-75.png */ = {isa = PBXFileReference; lastKnownFileType = image.png; path = "clubs-6-75.png"; sourceTree = "<group>"; };
		B7E33AE1101226AA00F9C388 /* clubs-7-75.png */ = {isa = PBXFileReference; lastKnownFileType = image.png; path = "clubs-7-75.png"; sourceTree = "<group>"; };
		B7E33AE2101226AA00F9C388 /* clubs-8-75.png */ = {isa = PBXFileReference; lastKnownFileType = image.png; path = "clubs-8-75.png"; sourceTree = "<group>"; };
		B7E33AE3101226AA00F9C388 /* clubs-9-75.png */ = {isa = PBXFileReference; lastKnownFileType = image.png; path = "clubs-9-75.png"; sourceTree = "<group>"; };
		B7E33AE4101226AA00F9C388 /* clubs-a-75.png */ = {isa = PBXFileReference; lastKnownFileType = image.png; path = "clubs-a-75.png"; sourceTree = "<group>"; };
		B7E33AE5101226AA00F9C388 /* clubs-j-75.png */ = {isa = PBXFileReference; lastKnownFileType = image.png; path = "clubs-j-75.png"; sourceTree = "<group>"; };
		B7E33AE6101226AA00F9C388 /* clubs-k-75.png */ = {isa = PBXFileReference; lastKnownFileType = image.png; path = "clubs-k-75.png"; sourceTree = "<group>"; };
		B7E33AE7101226AA00F9C388 /* clubs-q-75.png */ = {isa = PBXFileReference; lastKnownFileType = image.png; path = "clubs-q-75.png"; sourceTree = "<group>"; };
		B7E33AE8101226AA00F9C388 /* diamonds-10-75.png */ = {isa = PBXFileReference; lastKnownFileType = image.png; path = "diamonds-10-75.png"; sourceTree = "<group>"; };
		B7E33AE9101226AA00F9C388 /* diamonds-2-75.png */ = {isa = PBXFileReference; lastKnownFileType = image.png; path = "diamonds-2-75.png"; sourceTree = "<group>"; };
		B7E33AEA101226AA00F9C388 /* diamonds-3-75.png */ = {isa = PBXFileReference; lastKnownFileType = image.png; path = "diamonds-3-75.png"; sourceTree = "<group>"; };
		B7E33AEB101226AA00F9C388 /* diamonds-4-75.png */ = {isa = PBXFileReference; lastKnownFileType = image.png; path = "diamonds-4-75.png"; sourceTree = "<group>"; };
		B7E33AEC101226AA00F9C388 /* diamonds-5-75.png */ = {isa = PBXFileReference; lastKnownFileType = image.png; path = "diamonds-5-75.png"; sourceTree = "<group>"; };
		B7E33AED101226AA00F9C388 /* diamonds-6-75.png */ = {isa = PBXFileReference; lastKnownFileType = image.png; path = "diamonds-6-75.png"; sourceTree = "<group>"; };
		B7E33AEE101226AA00F9C388 /* diamonds-7-75.png */ = {isa = PBXFileReference; lastKnownFileType = image.png; path = "diamonds-7-75.png"; sourceTree = "<group>"; };
		B7E33AEF101226AA00F9C388 /* diamonds-8-75.png */ = {isa = PBXFileReference; lastKnownFileType = image.png; path = "diamonds-8-75.png"; sourceTree = "<group>"; };
		B7E33AF0101226AA00F9C388 /* diamonds-9-75.png */ = {isa = PBXFileReference; lastKnownFileType = image.png; path = "diamonds-9-75.png"; sourceTree = "<group>"; };
		B7E33AF1101226AA00F9C388 /* diamonds-a-75.png */ = {isa = PBXFileReference; lastKnownFileType = image.png; path = "diamonds-a-75.png"; sourceTree = "<group>"; };
		B7E33AF2101226AA00F9C388 /* diamonds-j-75.png */ = {isa = PBXFileReference; lastKnownFileType = image.png; path = "diamonds-j-75.png"; sourceTree = "<group>"; };
		B7E33AF3101226AA00F9C388 /* diamonds-k-75.png */ = {isa = PBXFileReference; lastKnownFileType = image.png; path = "diamonds-k-75.png"; sourceTree = "<group>"; };
		B7E33AF4101226AA00F9C388 /* diamonds-q-75.png */ = {isa = PBXFileReference; lastKnownFileType = image.png; path = "diamonds-q-75.png"; sourceTree = "<group>"; };
		B7E33AF5101226AA00F9C388 /* hearts-10-75.png */ = {isa = PBXFileReference; lastKnownFileType = image.png; path = "hearts-10-75.png"; sourceTree = "<group>"; };
		B7E33AF6101226AA00F9C388 /* hearts-2-75.png */ = {isa = PBXFileReference; lastKnownFileType = image.png; path = "hearts-2-75.png"; sourceTree = "<group>"; };
		B7E33AF7101226AA00F9C388 /* hearts-3-75.png */ = {isa = PBXFileReference; lastKnownFileType = image.png; path = "hearts-3-75.png"; sourceTree = "<group>"; };
		B7E33AF8101226AA00F9C388 /* hearts-4-75.png */ = {isa = PBXFileReference; lastKnownFileType = image.png; path = "hearts-4-75.png"; sourceTree = "<group>"; };
		B7E33AF9101226AA00F9C388 /* hearts-5-75.png */ = {isa = PBXFileReference; lastKnownFileType = image.png; path = "hearts-5-75.png"; sourceTree = "<group>"; };
		B7E33AFA101226AA00F9C388 /* hearts-6-75.png */ = {isa = PBXFileReference; lastKnownFileType = image.png; path = "hearts-6-75.png"; sourceTree = "<group>"; };
		B7E33AFB101226AA00F9C388 /* hearts-7-75.png */ = {isa = PBXFileReference; lastKnownFileType = image.png; path = "hearts-7-75.png"; sourceTree = "<group>"; };
		B7E33AFC101226AA00F9C388 /* hearts-8-75.png */ = {isa = PBXFileReference; lastKnownFileType = image.png; path = "hearts-8-75.png"; sourceTree = "<group>"; };
		B7E33AFD101226AA00F9C388 /* hearts-9-75.png */ = {isa = PBXFileReference; lastKnownFileType = image.png; path = "hearts-9-75.png"; sourceTree = "<group>"; };
		B7E33AFE101226AA00F9C388 /* hearts-a-75.png */ = {isa = PBXFileReference; lastKnownFileType = image.png; path = "hearts-a-75.png"; sourceTree = "<group>"; };
		B7E33AFF101226AA00F9C388 /* hearts-j-75.png */ = {isa = PBXFileReference; lastKnownFileType = image.png; path = "hearts-j-75.png"; sourceTree = "<group>"; };
		B7E33B00101226AA00F9C388 /* hearts-k-75.png */ = {isa = PBXFileReference; lastKnownFileType = image.png; path = "hearts-k-75.png"; sourceTree = "<group>"; };
		B7E33B01101226AA00F9C388 /* hearts-q-75.png */ = {isa = PBXFileReference; lastKnownFileType = image.png; path = "hearts-q-75.png"; sourceTree = "<group>"; };
		B7E33B02101226AA00F9C388 /* joker-b-75.png */ = {isa = PBXFileReference; lastKnownFileType = image.png; path = "joker-b-75.png"; sourceTree = "<group>"; };
		B7E33B03101226AA00F9C388 /* joker-r-75.png */ = {isa = PBXFileReference; lastKnownFileType = image.png; path = "joker-r-75.png"; sourceTree = "<group>"; };
		B7E33B04101226AA00F9C388 /* spades-10-75.png */ = {isa = PBXFileReference; lastKnownFileType = image.png; path = "spades-10-75.png"; sourceTree = "<group>"; };
		B7E33B05101226AA00F9C388 /* spades-2-75.png */ = {isa = PBXFileReference; lastKnownFileType = image.png; path = "spades-2-75.png"; sourceTree = "<group>"; };
		B7E33B06101226AA00F9C388 /* spades-3-75.png */ = {isa = PBXFileReference; lastKnownFileType = image.png; path = "spades-3-75.png"; sourceTree = "<group>"; };
		B7E33B07101226AA00F9C388 /* spades-4-75.png */ = {isa = PBXFileReference; lastKnownFileType = image.png; path = "spades-4-75.png"; sourceTree = "<group>"; };
		B7E33B08101226AA00F9C388 /* spades-5-75.png */ = {isa = PBXFileReference; lastKnownFileType = image.png; path = "spades-5-75.png"; sourceTree = "<group>"; };
		B7E33B09101226AA00F9C388 /* spades-6-75.png */ = {isa = PBXFileReference; lastKnownFileType = image.png; path = "spades-6-75.png"; sourceTree = "<group>"; };
		B7E33B0A101226AA00F9C388 /* spades-7-75.png */ = {isa = PBXFileReference; lastKnownFileType = image.png; path = "spades-7-75.png"; sourceTree = "<group>"; };
		B7E33B0B101226AA00F9C388 /* spades-8-75.png */ = {isa = PBXFileReference; lastKnownFileType = image.png; path = "spades-8-75.png"; sourceTree = "<group>"; };
		B7E33B0C101226AA00F9C388 /* spades-9-75.png */ = {isa = PBXFileReference; lastKnownFileType = image.png; path = "spades-9-75.png"; sourceTree = "<group>"; };
		B7E33B0D101226AA00F9C388 /* spades-a-75.png */ = {isa = PBXFileReference; lastKnownFileType = image.png; path = "spades-a-75.png"; sourceTree = "<group>"; };
		B7E33B0E101226AA00F9C388 /* spades-j-75.png */ = {isa = PBXFileReference; lastKnownFileType = image.png; path = "spades-j-75.png"; sourceTree = "<group>"; };
		B7E33B0F101226AA00F9C388 /* spades-k-75.png */ = {isa = PBXFileReference; lastKnownFileType = image.png; path = "spades-k-75.png"; sourceTree = "<group>"; };
		B7E33B10101226AA00F9C388 /* spades-q-75.png */ = {isa = PBXFileReference; lastKnownFileType = image.png; path = "spades-q-75.png"; sourceTree = "<group>"; };
		B7E33B4D1012278800F9C388 /* CardView.h */ = {isa = PBXFileReference; fileEncoding = 4; lastKnownFileType = sourcecode.c.h; path = CardView.h; sourceTree = "<group>"; };
		B7E33B4E1012278800F9C388 /* CardView.m */ = {isa = PBXFileReference; fileEncoding = 4; lastKnownFileType = sourcecode.c.objc; path = CardView.m; sourceTree = "<group>"; };
/* End PBXFileReference section */

/* Begin PBXFrameworksBuildPhase section */
		1D60588F0D05DD3D006BFB54 /* Frameworks */ = {
			isa = PBXFrameworksBuildPhase;
			buildActionMask = 2147483647;
			files = (
				1D60589F0D05DD5A006BFB54 /* Foundation.framework in Frameworks */,
				1DF5F4E00D08C38300B7A737 /* UIKit.framework in Frameworks */,
				288765A50DF7441C002DB57D /* CoreGraphics.framework in Frameworks */,
			);
			runOnlyForDeploymentPostprocessing = 0;
		};
/* End PBXFrameworksBuildPhase section */

/* Begin PBXGroup section */
		080E96DDFE201D6D7F000001 /* Classes */ = {
			isa = PBXGroup;
			children = (
				B7E33B4D1012278800F9C388 /* CardView.h */,
				B7E33B4E1012278800F9C388 /* CardView.m */,
				1D3623240D0F684500981E51 /* VarizAppDelegate.h */,
				1D3623250D0F684500981E51 /* VarizAppDelegate.m */,
				28D7ACF60DDB3853001CB0EB /* VarizViewController.h */,
				28D7ACF70DDB3853001CB0EB /* VarizViewController.m */,
			);
			path = Classes;
			sourceTree = "<group>";
		};
		19C28FACFE9D520D11CA2CBB /* Products */ = {
			isa = PBXGroup;
			children = (
				1D6058910D05DD3D006BFB54 /* Variz.app */,
			);
			name = Products;
			sourceTree = "<group>";
		};
		29B97314FDCFA39411CA2CEA /* CustomTemplate */ = {
			isa = PBXGroup;
			children = (
				B7E33AD4101226AA00F9C388 /* cards */,
				080E96DDFE201D6D7F000001 /* Classes */,
				29B97315FDCFA39411CA2CEA /* Other Sources */,
				29B97317FDCFA39411CA2CEA /* Resources */,
				29B97323FDCFA39411CA2CEA /* Frameworks */,
				19C28FACFE9D520D11CA2CBB /* Products */,
			);
			name = CustomTemplate;
			sourceTree = "<group>";
		};
		29B97315FDCFA39411CA2CEA /* Other Sources */ = {
			isa = PBXGroup;
			children = (
				32CA4F630368D1EE00C91783 /* Variz_Prefix.pch */,
				29B97316FDCFA39411CA2CEA /* main.m */,
			);
			name = "Other Sources";
			sourceTree = "<group>";
		};
		29B97317FDCFA39411CA2CEA /* Resources */ = {
			isa = PBXGroup;
			children = (
				B76DCEEE100A9FAF00D93573 /* Fortune_cookie.png */,
				2899E5210DE3E06400AC0155 /* VarizViewController.xib */,
				28AD733E0D9D9553002E5188 /* MainWindow.xib */,
				8D1107310486CEB800E47090 /* Info.plist */,
			);
			name = Resources;
			sourceTree = "<group>";
		};
		29B97323FDCFA39411CA2CEA /* Frameworks */ = {
			isa = PBXGroup;
			children = (
				1DF5F4DF0D08C38300B7A737 /* UIKit.framework */,
				1D30AB110D05D00D00671497 /* Foundation.framework */,
				288765A40DF7441C002DB57D /* CoreGraphics.framework */,
			);
			name = Frameworks;
			sourceTree = "<group>";
		};
		B7E33AD4101226AA00F9C388 /* cards */ = {
			isa = PBXGroup;
			children = (
				B7E33AD5101226AA00F9C388 /* back-blue-75-1.png */,
				B7E33AD6101226AA00F9C388 /* back-blue-75-2.png */,
				B7E33AD7101226AA00F9C388 /* back-blue-75-3.png */,
				B7E33AD8101226AA00F9C388 /* back-red-75-1.png */,
				B7E33AD9101226AA00F9C388 /* back-red-75-2.png */,
				B7E33ADA101226AA00F9C388 /* back-red-75-3.png */,
				B7E33ADB101226AA00F9C388 /* clubs-10-75.png */,
				B7E33ADC101226AA00F9C388 /* clubs-2-75.png */,
				B7E33ADD101226AA00F9C388 /* clubs-3-75.png */,
				B7E33ADE101226AA00F9C388 /* clubs-4-75.png */,
				B7E33ADF101226AA00F9C388 /* clubs-5-75.png */,
				B7E33AE0101226AA00F9C388 /* clubs-6-75.png */,
				B7E33AE1101226AA00F9C388 /* clubs-7-75.png */,
				B7E33AE2101226AA00F9C388 /* clubs-8-75.png */,
				B7E33AE3101226AA00F9C388 /* clubs-9-75.png */,
				B7E33AE4101226AA00F9C388 /* clubs-a-75.png */,
				B7E33AE5101226AA00F9C388 /* clubs-j-75.png */,
				B7E33AE6101226AA00F9C388 /* clubs-k-75.png */,
				B7E33AE7101226AA00F9C388 /* clubs-q-75.png */,
				B7E33AE8101226AA00F9C388 /* diamonds-10-75.png */,
				B7E33AE9101226AA00F9C388 /* diamonds-2-75.png */,
				B7E33AEA101226AA00F9C388 /* diamonds-3-75.png */,
				B7E33AEB101226AA00F9C388 /* diamonds-4-75.png */,
				B7E33AEC101226AA00F9C388 /* diamonds-5-75.png */,
				B7E33AED101226AA00F9C388 /* diamonds-6-75.png */,
				B7E33AEE101226AA00F9C388 /* diamonds-7-75.png */,
				B7E33AEF101226AA00F9C388 /* diamonds-8-75.png */,
				B7E33AF0101226AA00F9C388 /* diamonds-9-75.png */,
				B7E33AF1101226AA00F9C388 /* diamonds-a-75.png */,
				B7E33AF2101226AA00F9C388 /* diamonds-j-75.png */,
				B7E33AF3101226AA00F9C388 /* diamonds-k-75.png */,
				B7E33AF4101226AA00F9C388 /* diamonds-q-75.png */,
				B7E33AF5101226AA00F9C388 /* hearts-10-75.png */,
				B7E33AF6101226AA00F9C388 /* hearts-2-75.png */,
				B7E33AF7101226AA00F9C388 /* hearts-3-75.png */,
				B7E33AF8101226AA00F9C388 /* hearts-4-75.png */,
				B7E33AF9101226AA00F9C388 /* hearts-5-75.png */,
				B7E33AFA101226AA00F9C388 /* hearts-6-75.png */,
				B7E33AFB101226AA00F9C388 /* hearts-7-75.png */,
				B7E33AFC101226AA00F9C388 /* hearts-8-75.png */,
				B7E33AFD101226AA00F9C388 /* hearts-9-75.png */,
				B7E33AFE101226AA00F9C388 /* hearts-a-75.png */,
				B7E33AFF101226AA00F9C388 /* hearts-j-75.png */,
				B7E33B00101226AA00F9C388 /* hearts-k-75.png */,
				B7E33B01101226AA00F9C388 /* hearts-q-75.png */,
				B7E33B02101226AA00F9C388 /* joker-b-75.png */,
				B7E33B03101226AA00F9C388 /* joker-r-75.png */,
				B7E33B04101226AA00F9C388 /* spades-10-75.png */,
				B7E33B05101226AA00F9C388 /* spades-2-75.png */,
				B7E33B06101226AA00F9C388 /* spades-3-75.png */,
				B7E33B07101226AA00F9C388 /* spades-4-75.png */,
				B7E33B08101226AA00F9C388 /* spades-5-75.png */,
				B7E33B09101226AA00F9C388 /* spades-6-75.png */,
				B7E33B0A101226AA00F9C388 /* spades-7-75.png */,
				B7E33B0B101226AA00F9C388 /* spades-8-75.png */,
				B7E33B0C101226AA00F9C388 /* spades-9-75.png */,
				B7E33B0D101226AA00F9C388 /* spades-a-75.png */,
				B7E33B0E101226AA00F9C388 /* spades-j-75.png */,
				B7E33B0F101226AA00F9C388 /* spades-k-75.png */,
				B7E33B10101226AA00F9C388 /* spades-q-75.png */,
			);
			path = cards;
			sourceTree = "<group>";
		};
/* End PBXGroup section */

/* Begin PBXNativeTarget section */
		1D6058900D05DD3D006BFB54 /* Variz */ = {
			isa = PBXNativeTarget;
			buildConfigurationList = 1D6058960D05DD3E006BFB54 /* Build configuration list for PBXNativeTarget "Variz" */;
			buildPhases = (
				1D60588D0D05DD3D006BFB54 /* Resources */,
				1D60588E0D05DD3D006BFB54 /* Sources */,
				1D60588F0D05DD3D006BFB54 /* Frameworks */,
			);
			buildRules = (
			);
			dependencies = (
			);
			name = Variz;
			productName = Variz;
			productReference = 1D6058910D05DD3D006BFB54 /* Variz.app */;
			productType = "com.apple.product-type.application";
		};
/* End PBXNativeTarget section */

/* Begin PBXProject section */
		29B97313FDCFA39411CA2CEA /* Project object */ = {
			isa = PBXProject;
			buildConfigurationList = C01FCF4E08A954540054247B /* Build configuration list for PBXProject "Variz" */;
			compatibilityVersion = "Xcode 3.1";
			hasScannedForEncodings = 1;
			mainGroup = 29B97314FDCFA39411CA2CEA /* CustomTemplate */;
			projectDirPath = "";
			projectRoot = "";
			targets = (
				1D6058900D05DD3D006BFB54 /* Variz */,
			);
		};
/* End PBXProject section */

/* Begin PBXResourcesBuildPhase section */
		1D60588D0D05DD3D006BFB54 /* Resources */ = {
			isa = PBXResourcesBuildPhase;
			buildActionMask = 2147483647;
			files = (
				28AD733F0D9D9553002E5188 /* MainWindow.xib in Resources */,
				2899E5220DE3E06400AC0155 /* VarizViewController.xib in Resources */,
				B76DCEEF100A9FAF00D93573 /* Fortune_cookie.png in Resources */,
				B7E33B11101226AA00F9C388 /* back-blue-75-1.png in Resources */,
				B7E33B12101226AA00F9C388 /* back-blue-75-2.png in Resources */,
				B7E33B13101226AA00F9C388 /* back-blue-75-3.png in Resources */,
				B7E33B14101226AA00F9C388 /* back-red-75-1.png in Resources */,
				B7E33B15101226AA00F9C388 /* back-red-75-2.png in Resources */,
				B7E33B16101226AA00F9C388 /* back-red-75-3.png in Resources */,
				B7E33B17101226AA00F9C388 /* clubs-10-75.png in Resources */,
				B7E33B18101226AA00F9C388 /* clubs-2-75.png in Resources */,
				B7E33B19101226AA00F9C388 /* clubs-3-75.png in Resources */,
				B7E33B1A101226AA00F9C388 /* clubs-4-75.png in Resources */,
				B7E33B1B101226AA00F9C388 /* clubs-5-75.png in Resources */,
				B7E33B1C101226AA00F9C388 /* clubs-6-75.png in Resources */,
				B7E33B1D101226AA00F9C388 /* clubs-7-75.png in Resources */,
				B7E33B1E101226AA00F9C388 /* clubs-8-75.png in Resources */,
				B7E33B1F101226AA00F9C388 /* clubs-9-75.png in Resources */,
				B7E33B20101226AA00F9C388 /* clubs-a-75.png in Resources */,
				B7E33B21101226AA00F9C388 /* clubs-j-75.png in Resources */,
				B7E33B22101226AA00F9C388 /* clubs-k-75.png in Resources */,
				B7E33B23101226AA00F9C388 /* clubs-q-75.png in Resources */,
				B7E33B24101226AA00F9C388 /* diamonds-10-75.png in Resources */,
				B7E33B25101226AA00F9C388 /* diamonds-2-75.png in Resources */,
				B7E33B26101226AA00F9C388 /* diamonds-3-75.png in Resources */,
				B7E33B27101226AA00F9C388 /* diamonds-4-75.png in Resources */,
				B7E33B28101226AA00F9C388 /* diamonds-5-75.png in Resources */,
				B7E33B29101226AA00F9C388 /* diamonds-6-75.png in Resources */,
				B7E33B2A101226AA00F9C388 /* diamonds-7-75.png in Resources */,
				B7E33B2B101226AA00F9C388 /* diamonds-8-75.png in Resources */,
				B7E33B2C101226AA00F9C388 /* diamonds-9-75.png in Resources */,
				B7E33B2D101226AA00F9C388 /* diamonds-a-75.png in Resources */,
				B7E33B2E101226AA00F9C388 /* diamonds-j-75.png in Resources */,
				B7E33B2F101226AA00F9C388 /* diamonds-k-75.png in Resources */,
				B7E33B30101226AA00F9C388 /* diamonds-q-75.png in Resources */,
				B7E33B31101226AA00F9C388 /* hearts-10-75.png in Resources */,
				B7E33B32101226AA00F9C388 /* hearts-2-75.png in Resources */,
				B7E33B33101226AA00F9C388 /* hearts-3-75.png in Resources */,
				B7E33B34101226AA00F9C388 /* hearts-4-75.png in Resources */,
				B7E33B35101226AA00F9C388 /* hearts-5-75.png in Resources */,
				B7E33B36101226AA00F9C388 /* hearts-6-75.png in Resources */,
				B7E33B37101226AA00F9C388 /* hearts-7-75.png in Resources */,
				B7E33B38101226AA00F9C388 /* hearts-8-75.png in Resources */,
				B7E33B39101226AA00F9C388 /* hearts-9-75.png in Resources */,
				B7E33B3A101226AA00F9C388 /* hearts-a-75.png in Resources */,
				B7E33B3B101226AA00F9C388 /* hearts-j-75.png in Resources */,
				B7E33B3C101226AA00F9C388 /* hearts-k-75.png in Resources */,
				B7E33B3D101226AA00F9C388 /* hearts-q-75.png in Resources */,
				B7E33B3E101226AA00F9C388 /* joker-b-75.png in Resources */,
				B7E33B3F101226AA00F9C388 /* joker-r-75.png in Resources */,
				B7E33B40101226AA00F9C388 /* spades-10-75.png in Resources */,
				B7E33B41101226AA00F9C388 /* spades-2-75.png in Resources */,
				B7E33B42101226AA00F9C388 /* spades-3-75.png in Resources */,
				B7E33B43101226AA00F9C388 /* spades-4-75.png in Resources */,
				B7E33B44101226AA00F9C388 /* spades-5-75.png in Resources */,
				B7E33B45101226AA00F9C388 /* spades-6-75.png in Resources */,
				B7E33B46101226AA00F9C388 /* spades-7-75.png in Resources */,
				B7E33B47101226AA00F9C388 /* spades-8-75.png in Resources */,
				B7E33B48101226AA00F9C388 /* spades-9-75.png in Resources */,
				B7E33B49101226AA00F9C388 /* spades-a-75.png in Resources */,
				B7E33B4A101226AA00F9C388 /* spades-j-75.png in Resources */,
				B7E33B4B101226AA00F9C388 /* spades-k-75.png in Resources */,
				B7E33B4C101226AA00F9C388 /* spades-q-75.png in Resources */,
			);
			runOnlyForDeploymentPostprocessing = 0;
		};
/* End PBXResourcesBuildPhase section */

/* Begin PBXSourcesBuildPhase section */
		1D60588E0D05DD3D006BFB54 /* Sources */ = {
			isa = PBXSourcesBuildPhase;
			buildActionMask = 2147483647;
			files = (
				1D60589B0D05DD56006BFB54 /* main.m in Sources */,
				1D3623260D0F684500981E51 /* VarizAppDelegate.m in Sources */,
				28D7ACF80DDB3853001CB0EB /* VarizViewController.m in Sources */,
				B7E33B4F1012278800F9C388 /* CardView.m in Sources */,
			);
			runOnlyForDeploymentPostprocessing = 0;
		};
/* End PBXSourcesBuildPhase section */

/* Begin XCBuildConfiguration section */
		1D6058940D05DD3E006BFB54 /* Debug */ = {
			isa = XCBuildConfiguration;
			buildSettings = {
				ALWAYS_SEARCH_USER_PATHS = NO;
				COPY_PHASE_STRIP = NO;
				GCC_DYNAMIC_NO_PIC = NO;
				GCC_OPTIMIZATION_LEVEL = 0;
				GCC_PRECOMPILE_PREFIX_HEADER = YES;
				GCC_PREFIX_HEADER = Variz_Prefix.pch;
				INFOPLIST_FILE = Info.plist;
				PRODUCT_NAME = Variz;
			};
			name = Debug;
		};
		1D6058950D05DD3E006BFB54 /* Release */ = {
			isa = XCBuildConfiguration;
			buildSettings = {
				ALWAYS_SEARCH_USER_PATHS = NO;
				COPY_PHASE_STRIP = YES;
				GCC_PRECOMPILE_PREFIX_HEADER = YES;
				GCC_PREFIX_HEADER = Variz_Prefix.pch;
				INFOPLIST_FILE = Info.plist;
				PRODUCT_NAME = Variz;
			};
			name = Release;
		};
		C01FCF4F08A954540054247B /* Debug */ = {
			isa = XCBuildConfiguration;
			buildSettings = {
				ARCHS = "$(ARCHS_STANDARD_32_BIT)";
				"CODE_SIGN_IDENTITY[sdk=iphoneos*]" = "iPhone Developer";
				GCC_C_LANGUAGE_STANDARD = c99;
				GCC_WARN_ABOUT_RETURN_TYPE = YES;
				GCC_WARN_UNUSED_VARIABLE = YES;
				ONLY_ACTIVE_ARCH = YES;
				PREBINDING = NO;
				SDKROOT = iphoneos2.2.1;
			};
			name = Debug;
		};
		C01FCF5008A954540054247B /* Release */ = {
			isa = XCBuildConfiguration;
			buildSettings = {
				ARCHS = "$(ARCHS_STANDARD_32_BIT)";
				"CODE_SIGN_IDENTITY[sdk=iphoneos*]" = "iPhone Developer";
				GCC_C_LANGUAGE_STANDARD = c99;
				GCC_WARN_ABOUT_RETURN_TYPE = YES;
				GCC_WARN_UNUSED_VARIABLE = YES;
				PREBINDING = NO;
				SDKROOT = iphoneos2.2.1;
			};
			name = Release;
		};
/* End XCBuildConfiguration section */

/* Begin XCConfigurationList section */
		1D6058960D05DD3E006BFB54 /* Build configuration list for PBXNativeTarget "Variz" */ = {
			isa = XCConfigurationList;
			buildConfigurations = (
				1D6058940D05DD3E006BFB54 /* Debug */,
				1D6058950D05DD3E006BFB54 /* Release */,
			);
			defaultConfigurationIsVisible = 0;
			defaultConfigurationName = Release;
		};
		C01FCF4E08A954540054247B /* Build configuration list for PBXProject "Variz" */ = {
			isa = XCConfigurationList;
			buildConfigurations = (
				C01FCF4F08A954540054247B /* Debug */,
				C01FCF5008A954540054247B /* Release */,
			);
			defaultConfigurationIsVisible = 0;
			defaultConfigurationName = Release;
		};
/* End XCConfigurationList section */
	};
	rootObject = 29B97313FDCFA39411CA2CEA /* Project object */;
}
